
Microsoft Visual Studio Solution File, Format Version 12.00
# Visual Studio Version 16
VisualStudioVersion = 16.0.29728.190
MinimumVisualStudioVersion = 10.0.40219.1
Project("{FAE04EC0-301F-11D3-BF4B-00C04F79EFBC}") = "postFacebook", "postFacebook\postFacebook.csproj", "{2D0F129C-492E-4178-A8C8-6802A1C66BCB}"
EndProject
Global
	GlobalSection(SolutionConfigurationPlatforms) = preSolution
		Debug|Any CPU = Debug|Any CPU
		Release|Any CPU = Release|Any CPU
	EndGlobalSection
	GlobalSection(ProjectConfigurationPlatforms) = postSolution
		{2D0F129C-492E-4178-A8C8-6802A1C66BCB}.Debug|Any CPU.ActiveCfg = Debug|Any CPU
		{2D0F129C-492E-4178-A8C8-6802A1C66BCB}.Debug|Any CPU.Build.0 = Debug|Any CPU
		{2D0F129C-492E-4178-A8C8-6802A1C66BCB}.Release|Any CPU.ActiveCfg = Release|Any CPU
		{2D0F129C-492E-4178-A8C8-6802A1C66BCB}.Release|Any CPU.Build.0 = Release|Any CPU
	EndGlobalSection
	GlobalSection(SolutionProperties) = preSolution
		HideSolutionNode = FALSE
	EndGlobalSection
	GlobalSection(ExtensibilityGlobals) = postSolution
		SolutionGuid = {A4AF5710-91AA-4CC3-9C45-C143462423E3}
	EndGlobalSection
EndGlobal
